
Microsoft Visual Studio Solution File, Format Version 12.00
# Visual Studio Version 16
VisualStudioVersion = 16.0.30413.136
MinimumVisualStudioVersion = 10.0.40219.1
Project("{F184B08F-C81C-45F6-A57F-5ABD9991F28F}") = "ITInventory", "ITInventory.vbproj", "{3F0FBC4D-4B72-4E7E-AE03-846C7404157B}"
EndProject
Global
	GlobalSection(SolutionConfigurationPlatforms) = preSolution
		Debug|Any CPU = Debug|Any CPU
		Release|Any CPU = Release|Any CPU
	EndGlobalSection
	GlobalSection(ProjectConfigurationPlatforms) = postSolution
		{3F0FBC4D-4B72-4E7E-AE03-846C7404157B}.Debug|Any CPU.ActiveCfg = Debug|Any CPU
		{3F0FBC4D-4B72-4E7E-AE03-846C7404157B}.Debug|Any CPU.Build.0 = Debug|Any CPU
		{3F0FBC4D-4B72-4E7E-AE03-846C7404157B}.Release|Any CPU.ActiveCfg = Release|Any CPU
		{3F0FBC4D-4B72-4E7E-AE03-846C7404157B}.Release|Any CPU.Build.0 = Release|Any CPU
	EndGlobalSection
	GlobalSection(SolutionProperties) = preSolution
		HideSolutionNode = FALSE
	EndGlobalSection
	GlobalSection(ExtensibilityGlobals) = postSolution
		SolutionGuid = {E3BA8433-E7D1-45BE-9744-A818FF865473}
	EndGlobalSection
EndGlobal
